
Microsoft Visual Studio Solution File, Format Version 12.00
# Visual Studio Version 17
VisualStudioVersion = 17.0.31903.59
MinimumVisualStudioVersion = 10.0.40219.1
Project("{2150E333-8FDC-42A3-9474-1A3956D46DE8}") = "src", "src", "{5AE3971E-0D43-47CC-B276-75968139E30D}"
EndProject
Project("{FAE04EC0-301F-11D3-BF4B-00C04F79EFBC}") = "KiranTest1.Api", "src\KiranTest1.Api\KiranTest1.Api.csproj", "{0723182E-4CDC-48F3-A1E9-963BEEF291CA}"
EndProject
Project("{2150E333-8FDC-42A3-9474-1A3956D46DE8}") = "tests", "tests", "{19CB76AC-68C7-4CBF-A0BF-1E62F59CDB36}"
EndProject
Project("{FAE04EC0-301F-11D3-BF4B-00C04F79EFBC}") = "KiranTest1.Tests", "tests\KiranTest1.Tests\KiranTest1.Tests.csproj", "{3AF3F834-2742-4D19-BD71-6055A8020302}"
EndProject
Global
	GlobalSection(SolutionConfigurationPlatforms) = preSolution
		Debug|Any CPU = Debug|Any CPU
		Release|Any CPU = Release|Any CPU
	EndGlobalSection
	GlobalSection(SolutionProperties) = preSolution
		HideSolutionNode = FALSE
	EndGlobalSection
	GlobalSection(ProjectConfigurationPlatforms) = postSolution
		{0723182E-4CDC-48F3-A1E9-963BEEF291CA}.Debug|Any CPU.ActiveCfg = Debug|Any CPU
		{0723182E-4CDC-48F3-A1E9-963BEEF291CA}.Debug|Any CPU.Build.0 = Debug|Any CPU
		{0723182E-4CDC-48F3-A1E9-963BEEF291CA}.Release|Any CPU.ActiveCfg = Release|Any CPU
		{0723182E-4CDC-48F3-A1E9-963BEEF291CA}.Release|Any CPU.Build.0 = Release|Any CPU
		{3AF3F834-2742-4D19-BD71-6055A8020302}.Debug|Any CPU.ActiveCfg = Debug|Any CPU
		{3AF3F834-2742-4D19-BD71-6055A8020302}.Debug|Any CPU.Build.0 = Debug|Any CPU
		{3AF3F834-2742-4D19-BD71-6055A8020302}.Release|Any CPU.ActiveCfg = Release|Any CPU
		{3AF3F834-2742-4D19-BD71-6055A8020302}.Release|Any CPU.Build.0 = Release|Any CPU
	EndGlobalSection
	GlobalSection(NestedProjects) = preSolution
		{0723182E-4CDC-48F3-A1E9-963BEEF291CA} = {5AE3971E-0D43-47CC-B276-75968139E30D}
		{3AF3F834-2742-4D19-BD71-6055A8020302} = {19CB76AC-68C7-4CBF-A0BF-1E62F59CDB36}
	EndGlobalSection
EndGlobal
